
Microsoft Visual Studio Solution File, Format Version 12.00
# Visual Studio 14
VisualStudioVersion = 14.0.25420.1
MinimumVisualStudioVersion = 10.0.40219.1
Project("{FAE04EC0-301F-11D3-BF4B-00C04F79EFBC}") = "Tse.Cdn", "Tse.Cdn\Tse.Cdn.csproj", "{388FAC19-C017-4D09-AA15-46BE760F87DC}"
EndProject
Project("{FAE04EC0-301F-11D3-BF4B-00C04F79EFBC}") = "Tse.Dal.Backoffice", "Tse.Dal.Backoffice\Tse.Dal.Backoffice.csproj", "{95F787BC-3A21-4185-B11E-18DE6EEED164}"
EndProject
Project("{FAE04EC0-301F-11D3-BF4B-00C04F79EFBC}") = "Tse.UI.Web.Backoffice", "Tse.UI.Web.Backoffice\Tse.UI.Web.Backoffice.csproj", "{FC50C40D-16AF-4222-8CF1-E590BF60F470}"
EndProject
Global
	GlobalSection(SolutionConfigurationPlatforms) = preSolution
		Debug|Any CPU = Debug|Any CPU
		Release|Any CPU = Release|Any CPU
	EndGlobalSection
	GlobalSection(ProjectConfigurationPlatforms) = postSolution
		{388FAC19-C017-4D09-AA15-46BE760F87DC}.Debug|Any CPU.ActiveCfg = Debug|Any CPU
		{388FAC19-C017-4D09-AA15-46BE760F87DC}.Debug|Any CPU.Build.0 = Debug|Any CPU
		{388FAC19-C017-4D09-AA15-46BE760F87DC}.Release|Any CPU.ActiveCfg = Release|Any CPU
		{388FAC19-C017-4D09-AA15-46BE760F87DC}.Release|Any CPU.Build.0 = Release|Any CPU
		{95F787BC-3A21-4185-B11E-18DE6EEED164}.Debug|Any CPU.ActiveCfg = Debug|Any CPU
		{95F787BC-3A21-4185-B11E-18DE6EEED164}.Debug|Any CPU.Build.0 = Debug|Any CPU
		{95F787BC-3A21-4185-B11E-18DE6EEED164}.Release|Any CPU.ActiveCfg = Release|Any CPU
		{95F787BC-3A21-4185-B11E-18DE6EEED164}.Release|Any CPU.Build.0 = Release|Any CPU
		{FC50C40D-16AF-4222-8CF1-E590BF60F470}.Debug|Any CPU.ActiveCfg = Debug|Any CPU
		{FC50C40D-16AF-4222-8CF1-E590BF60F470}.Debug|Any CPU.Build.0 = Debug|Any CPU
		{FC50C40D-16AF-4222-8CF1-E590BF60F470}.Release|Any CPU.ActiveCfg = Release|Any CPU
		{FC50C40D-16AF-4222-8CF1-E590BF60F470}.Release|Any CPU.Build.0 = Release|Any CPU
	EndGlobalSection
	GlobalSection(SolutionProperties) = preSolution
		HideSolutionNode = FALSE
	EndGlobalSection
EndGlobal
